// !$*UTF8*$!
{
	archiveVersion = 1;
	classes = {
	};
	objectVersion = 52;
	objects = {

/* Begin PBXBuildFile section */
		C357B8B626AB8E1700BC1F4D /* Mawjood_mobileApp.swift in Sources */ = {isa = PBXBuildFile; fileRef = C357B8B526AB8E1700BC1F4D /* Mawjood_mobileApp.swift */; };
		C357B8B826AB8E1700BC1F4D /* TakeAttendanceView.swift in Sources */ = {isa = PBXBuildFile; fileRef = C357B8B726AB8E1700BC1F4D /* TakeAttendanceView.swift */; };
		C357B8BA26AB8E1900BC1F4D /* Assets.xcassets in Resources */ = {isa = PBXBuildFile; fileRef = C357B8B926AB8E1900BC1F4D /* Assets.xcassets */; };
		C357B8BD26AB8E1900BC1F4D /* Preview Assets.xcassets in Resources */ = {isa = PBXBuildFile; fileRef = C357B8BC26AB8E1900BC1F4D /* Preview Assets.xcassets */; };
		C357B8C626AB901E00BC1F4D /* Alamofire in Frameworks */ = {isa = PBXBuildFile; productRef = C357B8C526AB901E00BC1F4D /* Alamofire */; };
		C357B8C926AB903800BC1F4D /* SwiftyJSON in Frameworks */ = {isa = PBXBuildFile; productRef = C357B8C826AB903800BC1F4D /* SwiftyJSON */; };
		C357B8CB26AB9BD100BC1F4D /* SignInView.swift in Sources */ = {isa = PBXBuildFile; fileRef = C357B8CA26AB9BD100BC1F4D /* SignInView.swift */; };
		C357B8CF26ABA54A00BC1F4D /* AuthEnv.swift in Sources */ = {isa = PBXBuildFile; fileRef = C357B8CE26ABA54A00BC1F4D /* AuthEnv.swift */; };
		C357B8D226ABA5A900BC1F4D /* User.swift in Sources */ = {isa = PBXBuildFile; fileRef = C357B8D126ABA5A900BC1F4D /* User.swift */; };
		C357B8D426ABA93200BC1F4D /* SignUpView.swift in Sources */ = {isa = PBXBuildFile; fileRef = C357B8D326ABA93200BC1F4D /* SignUpView.swift */; };
		C357B8D626ABA9D900BC1F4D /* UserCredential.swift in Sources */ = {isa = PBXBuildFile; fileRef = C357B8D526ABA9D900BC1F4D /* UserCredential.swift */; };
		C357B8D826ABB3F100BC1F4D /* Router.swift in Sources */ = {isa = PBXBuildFile; fileRef = C357B8D726ABB3F100BC1F4D /* Router.swift */; };
/* End PBXBuildFile section */

/* Begin PBXFileReference section */
		C357B8B226AB8E1700BC1F4D /* Mawjood_mobile.app */ = {isa = PBXFileReference; explicitFileType = wrapper.application; includeInIndex = 0; path = Mawjood_mobile.app; sourceTree = BUILT_PRODUCTS_DIR; };
		C357B8B526AB8E1700BC1F4D /* Mawjood_mobileApp.swift */ = {isa = PBXFileReference; lastKnownFileType = sourcecode.swift; path = Mawjood_mobileApp.swift; sourceTree = "<group>"; };
		C357B8B726AB8E1700BC1F4D /* TakeAttendanceView.swift */ = {isa = PBXFileReference; lastKnownFileType = sourcecode.swift; path = TakeAttendanceView.swift; sourceTree = "<group>"; };
		C357B8B926AB8E1900BC1F4D /* Assets.xcassets */ = {isa = PBXFileReference; lastKnownFileType = folder.assetcatalog; path = Assets.xcassets; sourceTree = "<group>"; };
		C357B8BC26AB8E1900BC1F4D /* Preview Assets.xcassets */ = {isa = PBXFileReference; lastKnownFileType = folder.assetcatalog; path = "Preview Assets.xcassets"; sourceTree = "<group>"; };
		C357B8BE26AB8E1900BC1F4D /* Info.plist */ = {isa = PBXFileReference; lastKnownFileType = text.plist.xml; path = Info.plist; sourceTree = "<group>"; };
		C357B8CA26AB9BD100BC1F4D /* SignInView.swift */ = {isa = PBXFileReference; lastKnownFileType = sourcecode.swift; path = SignInView.swift; sourceTree = "<group>"; };
		C357B8CE26ABA54A00BC1F4D /* AuthEnv.swift */ = {isa = PBXFileReference; lastKnownFileType = sourcecode.swift; path = AuthEnv.swift; sourceTree = "<group>"; };
		C357B8D126ABA5A900BC1F4D /* User.swift */ = {isa = PBXFileReference; lastKnownFileType = sourcecode.swift; path = User.swift; sourceTree = "<group>"; };
		C357B8D326ABA93200BC1F4D /* SignUpView.swift */ = {isa = PBXFileReference; lastKnownFileType = sourcecode.swift; path = SignUpView.swift; sourceTree = "<group>"; };
		C357B8D526ABA9D900BC1F4D /* UserCredential.swift */ = {isa = PBXFileReference; lastKnownFileType = sourcecode.swift; path = UserCredential.swift; sourceTree = "<group>"; };
		C357B8D726ABB3F100BC1F4D /* Router.swift */ = {isa = PBXFileReference; lastKnownFileType = sourcecode.swift; path = Router.swift; sourceTree = "<group>"; };
/* End PBXFileReference section */

/* Begin PBXFrameworksBuildPhase section */
		C357B8AF26AB8E1700BC1F4D /* Frameworks */ = {
			isa = PBXFrameworksBuildPhase;
			buildActionMask = 2147483647;
			files = (
				C357B8C926AB903800BC1F4D /* SwiftyJSON in Frameworks */,
				C357B8C626AB901E00BC1F4D /* Alamofire in Frameworks */,
			);
			runOnlyForDeploymentPostprocessing = 0;
		};
/* End PBXFrameworksBuildPhase section */

/* Begin PBXGroup section */
		C357B8A926AB8E1600BC1F4D = {
			isa = PBXGroup;
			children = (
				C357B8B426AB8E1700BC1F4D /* Mawjood_mobile */,
				C357B8B326AB8E1700BC1F4D /* Products */,
			);
			sourceTree = "<group>";
		};
		C357B8B326AB8E1700BC1F4D /* Products */ = {
			isa = PBXGroup;
			children = (
				C357B8B226AB8E1700BC1F4D /* Mawjood_mobile.app */,
			);
			name = Products;
			sourceTree = "<group>";
		};
		C357B8B426AB8E1700BC1F4D /* Mawjood_mobile */ = {
			isa = PBXGroup;
			children = (
				C357B8B526AB8E1700BC1F4D /* Mawjood_mobileApp.swift */,
				C357B8D026ABA59900BC1F4D /* Models */,
				C357B8CD26ABA53100BC1F4D /* Environment */,
				C357B8CC26ABA51500BC1F4D /* Views */,
				C357B8B926AB8E1900BC1F4D /* Assets.xcassets */,
				C357B8BE26AB8E1900BC1F4D /* Info.plist */,
				C357B8BB26AB8E1900BC1F4D /* Preview Content */,
			);
			path = Mawjood_mobile;
			sourceTree = "<group>";
		};
		C357B8BB26AB8E1900BC1F4D /* Preview Content */ = {
			isa = PBXGroup;
			children = (
				C357B8BC26AB8E1900BC1F4D /* Preview Assets.xcassets */,
			);
			path = "Preview Content";
			sourceTree = "<group>";
		};
		C357B8CC26ABA51500BC1F4D /* Views */ = {
			isa = PBXGroup;
			children = (
				C357B8D726ABB3F100BC1F4D /* Router.swift */,
				C357B8B726AB8E1700BC1F4D /* TakeAttendanceView.swift */,
				C357B8D326ABA93200BC1F4D /* SignUpView.swift */,
				C357B8CA26AB9BD100BC1F4D /* SignInView.swift */,
			);
			path = Views;
			sourceTree = "<group>";
		};
		C357B8CD26ABA53100BC1F4D /* Environment */ = {
			isa = PBXGroup;
			children = (
				C357B8CE26ABA54A00BC1F4D /* AuthEnv.swift */,
			);
			path = Environment;
			sourceTree = "<group>";
		};
		C357B8D026ABA59900BC1F4D /* Models */ = {
			isa = PBXGroup;
			children = (
				C357B8D526ABA9D900BC1F4D /* UserCredential.swift */,
				C357B8D126ABA5A900BC1F4D /* User.swift */,
			);
			path = Models;
			sourceTree = "<group>";
		};
/* End PBXGroup section */

/* Begin PBXNativeTarget section */
		C357B8B126AB8E1700BC1F4D /* Mawjood_mobile */ = {
			isa = PBXNativeTarget;
			buildConfigurationList = C357B8C126AB8E1900BC1F4D /* Build configuration list for PBXNativeTarget "Mawjood_mobile" */;
			buildPhases = (
				C357B8AE26AB8E1700BC1F4D /* Sources */,
				C357B8AF26AB8E1700BC1F4D /* Frameworks */,
				C357B8B026AB8E1700BC1F4D /* Resources */,
			);
			buildRules = (
			);
			dependencies = (
			);
			name = Mawjood_mobile;
			packageProductDependencies = (
				C357B8C526AB901E00BC1F4D /* Alamofire */,
				C357B8C826AB903800BC1F4D /* SwiftyJSON */,
			);
			productName = Mawjood_mobile;
			productReference = C357B8B226AB8E1700BC1F4D /* Mawjood_mobile.app */;
			productType = "com.apple.product-type.application";
		};
/* End PBXNativeTarget section */

/* Begin PBXProject section */
		C357B8AA26AB8E1700BC1F4D /* Project object */ = {
			isa = PBXProject;
			attributes = {
				LastSwiftUpdateCheck = 1250;
				LastUpgradeCheck = 1250;
				TargetAttributes = {
					C357B8B126AB8E1700BC1F4D = {
						CreatedOnToolsVersion = 12.5.1;
					};
				};
			};
			buildConfigurationList = C357B8AD26AB8E1700BC1F4D /* Build configuration list for PBXProject "Mawjood_mobile" */;
			compatibilityVersion = "Xcode 9.3";
			developmentRegion = en;
			hasScannedForEncodings = 0;
			knownRegions = (
				en,
				Base,
			);
			mainGroup = C357B8A926AB8E1600BC1F4D;
			packageReferences = (
				C357B8C426AB901E00BC1F4D /* XCRemoteSwiftPackageReference "Alamofire" */,
				C357B8C726AB903800BC1F4D /* XCRemoteSwiftPackageReference "SwiftyJSON" */,
			);
			productRefGroup = C357B8B326AB8E1700BC1F4D /* Products */;
			projectDirPath = "";
			projectRoot = "";
			targets = (
				C357B8B126AB8E1700BC1F4D /* Mawjood_mobile */,
			);
		};
/* End PBXProject section */

/* Begin PBXResourcesBuildPhase section */
		C357B8B026AB8E1700BC1F4D /* Resources */ = {
			isa = PBXResourcesBuildPhase;
			buildActionMask = 2147483647;
			files = (
				C357B8BD26AB8E1900BC1F4D /* Preview Assets.xcassets in Resources */,
				C357B8BA26AB8E1900BC1F4D /* Assets.xcassets in Resources */,
			);
			runOnlyForDeploymentPostprocessing = 0;
		};
/* End PBXResourcesBuildPhase section */

/* Begin PBXSourcesBuildPhase section */
		C357B8AE26AB8E1700BC1F4D /* Sources */ = {
			isa = PBXSourcesBuildPhase;
			buildActionMask = 2147483647;
			files = (
				C357B8D826ABB3F100BC1F4D /* Router.swift in Sources */,
				C357B8D626ABA9D900BC1F4D /* UserCredential.swift in Sources */,
				C357B8D426ABA93200BC1F4D /* SignUpView.swift in Sources */,
				C357B8D226ABA5A900BC1F4D /* User.swift in Sources */,
				C357B8B826AB8E1700BC1F4D /* TakeAttendanceView.swift in Sources */,
				C357B8B626AB8E1700BC1F4D /* Mawjood_mobileApp.swift in Sources */,
				C357B8CB26AB9BD100BC1F4D /* SignInView.swift in Sources */,
				C357B8CF26ABA54A00BC1F4D /* AuthEnv.swift in Sources */,
			);
			runOnlyForDeploymentPostprocessing = 0;
		};
/* End PBXSourcesBuildPhase section */

/* Begin XCBuildConfiguration section */
		C357B8BF26AB8E1900BC1F4D /* Debug */ = {
			isa = XCBuildConfiguration;
			buildSettings = {
				ALWAYS_SEARCH_USER_PATHS = NO;
				CLANG_ANALYZER_NONNULL = YES;
				CLANG_ANALYZER_NUMBER_OBJECT_CONVERSION = YES_AGGRESSIVE;
				CLANG_CXX_LANGUAGE_STANDARD = "gnu++14";
				CLANG_CXX_LIBRARY = "libc++";
				CLANG_ENABLE_MODULES = YES;
				CLANG_ENABLE_OBJC_ARC = YES;
				CLANG_ENABLE_OBJC_WEAK = YES;
				CLANG_WARN_BLOCK_CAPTURE_AUTORELEASING = YES;
				CLANG_WARN_BOOL_CONVERSION = YES;
				CLANG_WARN_COMMA = YES;
				CLANG_WARN_CONSTANT_CONVERSION = YES;
				CLANG_WARN_DEPRECATED_OBJC_IMPLEMENTATIONS = YES;
				CLANG_WARN_DIRECT_OBJC_ISA_USAGE = YES_ERROR;
				CLANG_WARN_DOCUMENTATION_COMMENTS = YES;
				CLANG_WARN_EMPTY_BODY = YES;
				CLANG_WARN_ENUM_CONVERSION = YES;
				CLANG_WARN_INFINITE_RECURSION = YES;
				CLANG_WARN_INT_CONVERSION = YES;
				CLANG_WARN_NON_LITERAL_NULL_CONVERSION = YES;
				CLANG_WARN_OBJC_IMPLICIT_RETAIN_SELF = YES;
				CLANG_WARN_OBJC_LITERAL_CONVERSION = YES;
				CLANG_WARN_OBJC_ROOT_CLASS = YES_ERROR;
				CLANG_WARN_QUOTED_INCLUDE_IN_FRAMEWORK_HEADER = YES;
				CLANG_WARN_RANGE_LOOP_ANALYSIS = YES;
				CLANG_WARN_STRICT_PROTOTYPES = YES;
				CLANG_WARN_SUSPICIOUS_MOVE = YES;
				CLANG_WARN_UNGUARDED_AVAILABILITY = YES_AGGRESSIVE;
				CLANG_WARN_UNREACHABLE_CODE = YES;
				CLANG_WARN__DUPLICATE_METHOD_MATCH = YES;
				COPY_PHASE_STRIP = NO;
				DEBUG_INFORMATION_FORMAT = dwarf;
				ENABLE_STRICT_OBJC_MSGSEND = YES;
				ENABLE_TESTABILITY = YES;
				GCC_C_LANGUAGE_STANDARD = gnu11;
				GCC_DYNAMIC_NO_PIC = NO;
				GCC_NO_COMMON_BLOCKS = YES;
				GCC_OPTIMIZATION_LEVEL = 0;
				GCC_PREPROCESSOR_DEFINITIONS = (
					"DEBUG=1",
					"$(inherited)",
				);
				GCC_WARN_64_TO_32_BIT_CONVERSION = YES;
				GCC_WARN_ABOUT_RETURN_TYPE = YES_ERROR;
				GCC_WARN_UNDECLARED_SELECTOR = YES;
				GCC_WARN_UNINITIALIZED_AUTOS = YES_AGGRESSIVE;
				GCC_WARN_UNUSED_FUNCTION = YES;
				GCC_WARN_UNUSED_VARIABLE = YES;
				IPHONEOS_DEPLOYMENT_TARGET = 14.5;
				MTL_ENABLE_DEBUG_INFO = INCLUDE_SOURCE;
				MTL_FAST_MATH = YES;
				ONLY_ACTIVE_ARCH = YES;
				SDKROOT = iphoneos;
				SWIFT_ACTIVE_COMPILATION_CONDITIONS = DEBUG;
				SWIFT_OPTIMIZATION_LEVEL = "-Onone";
			};
			name = Debug;
		};
		C357B8C026AB8E1900BC1F4D /* Release */ = {
			isa = XCBuildConfiguration;
			buildSettings = {
				ALWAYS_SEARCH_USER_PATHS = NO;
				CLANG_ANALYZER_NONNULL = YES;
				CLANG_ANALYZER_NUMBER_OBJECT_CONVERSION = YES_AGGRESSIVE;
				CLANG_CXX_LANGUAGE_STANDARD = "gnu++14";
				CLANG_CXX_LIBRARY = "libc++";
				CLANG_ENABLE_MODULES = YES;
				CLANG_ENABLE_OBJC_ARC = YES;
				CLANG_ENABLE_OBJC_WEAK = YES;
				CLANG_WARN_BLOCK_CAPTURE_AUTORELEASING = YES;
				CLANG_WARN_BOOL_CONVERSION = YES;
				CLANG_WARN_COMMA = YES;
				CLANG_WARN_CONSTANT_CONVERSION = YES;
				CLANG_WARN_DEPRECATED_OBJC_IMPLEMENTATIONS = YES;
				CLANG_WARN_DIRECT_OBJC_ISA_USAGE = YES_ERROR;
				CLANG_WARN_DOCUMENTATION_COMMENTS = YES;
				CLANG_WARN_EMPTY_BODY = YES;
				CLANG_WARN_ENUM_CONVERSION = YES;
				CLANG_WARN_INFINITE_RECURSION = YES;
				CLANG_WARN_INT_CONVERSION = YES;
				CLANG_WARN_NON_LITERAL_NULL_CONVERSION = YES;
				CLANG_WARN_OBJC_IMPLICIT_RETAIN_SELF = YES;
				CLANG_WARN_OBJC_LITERAL_CONVERSION = YES;
				CLANG_WARN_OBJC_ROOT_CLASS = YES_ERROR;
				CLANG_WARN_QUOTED_INCLUDE_IN_FRAMEWORK_HEADER = YES;
				CLANG_WARN_RANGE_LOOP_ANALYSIS = YES;
				CLANG_WARN_STRICT_PROTOTYPES = YES;
				CLANG_WARN_SUSPICIOUS_MOVE = YES;
				CLANG_WARN_UNGUARDED_AVAILABILITY = YES_AGGRESSIVE;
				CLANG_WARN_UNREACHABLE_CODE = YES;
				CLANG_WARN__DUPLICATE_METHOD_MATCH = YES;
				COPY_PHASE_STRIP = NO;
				DEBUG_INFORMATION_FORMAT = "dwarf-with-dsym";
				ENABLE_NS_ASSERTIONS = NO;
				ENABLE_STRICT_OBJC_MSGSEND = YES;
				GCC_C_LANGUAGE_STANDARD = gnu11;
				GCC_NO_COMMON_BLOCKS = YES;
				GCC_WARN_64_TO_32_BIT_CONVERSION = YES;
				GCC_WARN_ABOUT_RETURN_TYPE = YES_ERROR;
				GCC_WARN_UNDECLARED_SELECTOR = YES;
				GCC_WARN_UNINITIALIZED_AUTOS = YES_AGGRESSIVE;
				GCC_WARN_UNUSED_FUNCTION = YES;
				GCC_WARN_UNUSED_VARIABLE = YES;
				IPHONEOS_DEPLOYMENT_TARGET = 14.5;
				MTL_ENABLE_DEBUG_INFO = NO;
				MTL_FAST_MATH = YES;
				SDKROOT = iphoneos;
				SWIFT_COMPILATION_MODE = wholemodule;
				SWIFT_OPTIMIZATION_LEVEL = "-O";
				VALIDATE_PRODUCT = YES;
			};
			name = Release;
		};
		C357B8C226AB8E1900BC1F4D /* Debug */ = {
			isa = XCBuildConfiguration;
			buildSettings = {
				ASSETCATALOG_COMPILER_APPICON_NAME = AppIcon;
				ASSETCATALOG_COMPILER_GLOBAL_ACCENT_COLOR_NAME = AccentColor;
				CODE_SIGN_STYLE = Automatic;
				DEVELOPMENT_ASSET_PATHS = "\"Mawjood_mobile/Preview Content\"";
				DEVELOPMENT_TEAM = 9VCECTYT2E;
				ENABLE_PREVIEWS = YES;
				INFOPLIST_FILE = Mawjood_mobile/Info.plist;
				IPHONEOS_DEPLOYMENT_TARGET = 14.0;
				LD_RUNPATH_SEARCH_PATHS = (
					"$(inherited)",
					"@executable_path/Frameworks",
				);
				PRODUCT_BUNDLE_IDENTIFIER = "omsi.Mawjood-mobile";
				PRODUCT_NAME = "$(TARGET_NAME)";
				SWIFT_VERSION = 5.0;
				TARGETED_DEVICE_FAMILY = "1,2";
			};
			name = Debug;
		};
		C357B8C326AB8E1900BC1F4D /* Release */ = {
			isa = XCBuildConfiguration;
			buildSettings = {
				ASSETCATALOG_COMPILER_APPICON_NAME = AppIcon;
				ASSETCATALOG_COMPILER_GLOBAL_ACCENT_COLOR_NAME = AccentColor;
				CODE_SIGN_STYLE = Automatic;
				DEVELOPMENT_ASSET_PATHS = "\"Mawjood_mobile/Preview Content\"";
				DEVELOPMENT_TEAM = 9VCECTYT2E;
				ENABLE_PREVIEWS = YES;
				INFOPLIST_FILE = Mawjood_mobile/Info.plist;
				IPHONEOS_DEPLOYMENT_TARGET = 14.0;
				LD_RUNPATH_SEARCH_PATHS = (
					"$(inherited)",
					"@executable_path/Frameworks",
				);
				PRODUCT_BUNDLE_IDENTIFIER = "omsi.Mawjood-mobile";
				PRODUCT_NAME = "$(TARGET_NAME)";
				SWIFT_VERSION = 5.0;
				TARGETED_DEVICE_FAMILY = "1,2";
			};
			name = Release;
		};
/* End XCBuildConfiguration section */

/* Begin XCConfigurationList section */
		C357B8AD26AB8E1700BC1F4D /* Build configuration list for PBXProject "Mawjood_mobile" */ = {
			isa = XCConfigurationList;
			buildConfigurations = (
				C357B8BF26AB8E1900BC1F4D /* Debug */,
				C357B8C026AB8E1900BC1F4D /* Release */,
			);
			defaultConfigurationIsVisible = 0;
			defaultConfigurationName = Release;
		};
		C357B8C126AB8E1900BC1F4D /* Build configuration list for PBXNativeTarget "Mawjood_mobile" */ = {
			isa = XCConfigurationList;
			buildConfigurations = (
				C357B8C226AB8E1900BC1F4D /* Debug */,
				C357B8C326AB8E1900BC1F4D /* Release */,
			);
			defaultConfigurationIsVisible = 0;
			defaultConfigurationName = Release;
		};
/* End XCConfigurationList section */

/* Begin XCRemoteSwiftPackageReference section */
		C357B8C426AB901E00BC1F4D /* XCRemoteSwiftPackageReference "Alamofire" */ = {
			isa = XCRemoteSwiftPackageReference;
			repositoryURL = "https://github.com/Alamofire/Alamofire.git";
			requirement = {
				kind = upToNextMajorVersion;
				minimumVersion = 5.4.3;
			};
		};
		C357B8C726AB903800BC1F4D /* XCRemoteSwiftPackageReference "SwiftyJSON" */ = {
			isa = XCRemoteSwiftPackageReference;
			repositoryURL = "https://github.com/SwiftyJSON/SwiftyJSON";
			requirement = {
				kind = upToNextMajorVersion;
				minimumVersion = 5.0.1;
			};
		};
/* End XCRemoteSwiftPackageReference section */

/* Begin XCSwiftPackageProductDependency section */
		C357B8C526AB901E00BC1F4D /* Alamofire */ = {
			isa = XCSwiftPackageProductDependency;
			package = C357B8C426AB901E00BC1F4D /* XCRemoteSwiftPackageReference "Alamofire" */;
			productName = Alamofire;
		};
		C357B8C826AB903800BC1F4D /* SwiftyJSON */ = {
			isa = XCSwiftPackageProductDependency;
			package = C357B8C726AB903800BC1F4D /* XCRemoteSwiftPackageReference "SwiftyJSON" */;
			productName = SwiftyJSON;
		};
/* End XCSwiftPackageProductDependency section */
	};
	rootObject = C357B8AA26AB8E1700BC1F4D /* Project object */;
}
